version = 1
requires-python = ">=3.13"

[[package]]
name = "abizza"
version = "0.1.0"
source = { virtual = "." }
dependencies = [
    { name = "robotframework" },
    { name = "robotframework-browser" },
]

[package.metadata]
requires-dist = [
    { name = "robotframework", specifier = ">=6.1.1" },
    { name = "robotframework-browser", specifier = ">=7.0.0" },
]

[[package]]
name = "click"
version = "8.1.8"
source = { registry = "https://pypi.org/simple" }
dependencies = [
    { name = "colorama", marker = "sys_platform == 'win32'" },
]
sdist = { url = "https://files.pythonhosted.org/packages/b9/2e/0090cbf739cee7d23781ad4b89a9894a41538e4fcf4c31dcdd705b78eb8b/click-8.1.8.tar.gz", hash = "sha256:ed53c9d8990d83c2a27deae68e4ee337473f6330c040a31d4225c9574d16096a", size = 226593 }
wheels = [
    { url = "https://files.pythonhosted.org/packages/7e/d4/7ebdbd03970677812aac39c869717059dbb71a4cfc033ca6e5221787892c/click-8.1.8-py3-none-any.whl", hash = "sha256:63c132bbbed01578a06712a2d1f497bb62d9c1c0d329b7903a866228027263b2", size = 98188 },
]

[[package]]
name = "colorama"
version = "0.4.6"
source = { registry = "https://pypi.org/simple" }
sdist = { url = "https://files.pythonhosted.org/packages/d8/53/6f443c9a4a8358a93a6792e2acffb9d9d5cb0a5cfd8802644b7b1c9a02e4/colorama-0.4.6.tar.gz", hash = "sha256:08695f5cb7ed6e0531a20572697297273c47b8cae5a63ffc6d6ed5c201be6e44", size = 27697 }
wheels = [
    { url = "https://files.pythonhosted.org/packages/d1/d6/3965ed04c63042e047cb6a3e6ed1a63a35087b6a609aa3a15ed8ac56c221/colorama-0.4.6-py2.py3-none-any.whl", hash = "sha256:4f1d9991f5acc0ca119f9d443620b77f9d6b33703e51011c16baf57afb285fc6", size = 25335 },
]

[[package]]
name = "grpcio"
version = "1.68.1"
source = { registry = "https://pypi.org/simple" }
sdist = { url = "https://files.pythonhosted.org/packages/91/ec/b76ff6d86bdfd1737a5ec889394b54c18b1ec3832d91041e25023fbcb67d/grpcio-1.68.1.tar.gz", hash = "sha256:44a8502dd5de653ae6a73e2de50a401d84184f0331d0ac3daeb044e66d5c5054", size = 12694654 }
wheels = [
    { url = "https://files.pythonhosted.org/packages/37/1a/15ccc08da339a5536690e6f877963422a5abf3f6dfeed96b3175f5c816b9/grpcio-1.68.1-cp313-cp313-linux_armv7l.whl", hash = "sha256:a47faedc9ea2e7a3b6569795c040aae5895a19dde0c728a48d3c5d7995fda385", size = 5149822 },
    { url = "https://files.pythonhosted.org/packages/bc/fe/91bb4b160cd251d5b5ee722e6342355f76d1ffe176c50a6ef0e8256fbb47/grpcio-1.68.1-cp313-cp313-macosx_10_13_universal2.whl", hash = "sha256:390eee4225a661c5cd133c09f5da1ee3c84498dc265fd292a6912b65c421c78c", size = 11085016 },
    { url = "https://files.pythonhosted.org/packages/55/2d/0bb2478410f5896da1090b9f43c2979dd72e7e97d10bc223bfbdddcf8eca/grpcio-1.68.1-cp313-cp313-manylinux_2_17_aarch64.whl", hash = "sha256:66a24f3d45c33550703f0abb8b656515b0ab777970fa275693a2f6dc8e35f1c1", size = 5645634 },
    { url = "https://files.pythonhosted.org/packages/f5/6c/e2d22d963b695f87a09965246beb1c3224b09ffc666fc0b285820926499a/grpcio-1.68.1-cp313-cp313-manylinux_2_17_i686.manylinux2014_i686.whl", hash = "sha256:c08079b4934b0bf0a8847f42c197b1d12cba6495a3d43febd7e99ecd1cdc8d54", size = 6291096 },
    { url = "https://files.pythonhosted.org/packages/6f/f6/21d9204e2c4c0804ad72be8c830c44f0e1355e649c173f87508b7f0e5488/grpcio-1.68.1-cp313-cp313-manylinux_2_17_x86_64.manylinux2014_x86_64.whl", hash = "sha256:8720c25cd9ac25dd04ee02b69256d0ce35bf8a0f29e20577427355272230965a", size = 5906528 },
    { url = "https://files.pythonhosted.org/packages/39/2a/bf6ae4fef13755ca236d587d630b82207cfad43cf956870adead97fd1ef1/grpcio-1.68.1-cp313-cp313-musllinux_1_1_i686.whl", hash = "sha256:04cfd68bf4f38f5bb959ee2361a7546916bd9a50f78617a346b3aeb2b42e2161", size = 6634215 },
    { url = "https://files.pythonhosted.org/packages/5b/83/9c96a6adfbea5e8a9ed408410c0259942713be64173b8816c7bf6ac2d830/grpcio-1.68.1-cp313-cp313-musllinux_1_1_x86_64.whl", hash = "sha256:c28848761a6520c5c6071d2904a18d339a796ebe6b800adc8b3f474c5ce3c3ad", size = 6200750 },
    { url = "https://files.pythonhosted.org/packages/b4/3e/af42f87759c6301c4fed894b3dd801b13162ba1d8e2942412e788ac749eb/grpcio-1.68.1-cp313-cp313-win32.whl", hash = "sha256:77d65165fc35cff6e954e7fd4229e05ec76102d4406d4576528d3a3635fc6172", size = 3637594 },
    { url = "https://files.pythonhosted.org/packages/7e/d1/3bef33a3d5d26d4ea9284e1b464f481d6d21ed8ae1c3da381b05f62c701d/grpcio-1.68.1-cp313-cp313-win_amd64.whl", hash = "sha256:a8040f85dcb9830d8bbb033ae66d272614cec6faceee88d37a88a9bd1a7a704e", size = 4391184 },
]

[[package]]
name = "grpcio-tools"
version = "1.68.1"
source = { registry = "https://pypi.org/simple" }
dependencies = [
    { name = "grpcio" },
    { name = "protobuf" },
    { name = "setuptools" },
]
sdist = { url = "https://files.pythonhosted.org/packages/2a/2f/d2fc30b79d892050a3c40ef8d17d602f4c6eced066d584621c7bbf195b0e/grpcio_tools-1.68.1.tar.gz", hash = "sha256:2413a17ad16c9c821b36e4a67fc64c37b9e4636ab1c3a07778018801378739ba", size = 5275384 }
wheels = [
    { url = "https://files.pythonhosted.org/packages/68/d9/ebea463de32604f0d1397946e5341d3d986d2a92180218bd8cafc7dbe479/grpcio_tools-1.68.1-cp313-cp313-linux_armv7l.whl", hash = "sha256:67e49b5ede0cc8a0f988f41f7b72f6bc03180aecdb5213bd985bc1bbfd9ffdac", size = 2342125 },
    { url = "https://files.pythonhosted.org/packages/06/fc/9bc572b7ba18afc416a18272f0aaeb0099cbaa354ed5f4518f2556db70e8/grpcio_tools-1.68.1-cp313-cp313-macosx_10_13_universal2.whl", hash = "sha256:b78e38f953062d45ff92ec940da292dc9bfbf26de492c8dc44e12b13493a8e80", size = 5573889 },
    { url = "https://files.pythonhosted.org/packages/ff/85/4f114c688c5ede613b91b7f5148189fce11d7ec2898691dbc066406e87cb/grpcio_tools-1.68.1-cp313-cp313-manylinux_2_17_aarch64.whl", hash = "sha256:8ebe9df5bab4121e8f51e013a379be2027179a0c8013e89d686a1e5800e9c205", size = 2305568 },
    { url = "https://files.pythonhosted.org/packages/c8/60/19016c06086a4b000bc04ae2e4fdd3c113ba8c44a10d155227d8375b8c9a/grpcio_tools-1.68.1-cp313-cp313-manylinux_2_17_i686.manylinux2014_i686.whl", hash = "sha256:be553e3ea7447ed9e2e2d089f3b0a77000e86d2681b3c77498c98dddffc62d22", size = 2678659 },
    { url = "https://files.pythonhosted.org/packages/79/2a/2f2201895af55a2a177494e06890dfff05dc687ca2f9db19420374f8b066/grpcio_tools-1.68.1-cp313-cp313-manylinux_2_17_x86_64.manylinux2014_x86_64.whl", hash = "sha256:d4877f3eabb6185b5691f5218fedc86a84a833734847a294048862ec910a2854", size = 2425005 },
    { url = "https://files.pythonhosted.org/packages/62/19/da6105fe5b44537dd6c2c7d5eee046a1304ea408477b9756186f7ae1b593/grpcio_tools-1.68.1-cp313-cp313-musllinux_1_1_i686.whl", hash = "sha256:b98173e536e8f2779eff84a03409cca6497dc1fad3d10a47c8d881b2cb36259b", size = 3288873 },
    { url = "https://files.pythonhosted.org/packages/b1/79/e478d43e7c05c0457e1211b8a987deeb7778f3a2de9824272aa4f13334c9/grpcio_tools-1.68.1-cp313-cp313-musllinux_1_1_x86_64.whl", hash = "sha256:5b64035dcd0df70acf3af972c3f103b0ce141d29732fd94eaa8b38cf7c8e62fe", size = 2903212 },
    { url = "https://files.pythonhosted.org/packages/32/9c/5e47a4961959d359728c9beea67b74fb07ab3ba2c46dc83ebfa8cd39a717/grpcio_tools-1.68.1-cp313-cp313-win32.whl", hash = "sha256:573f3ed3276df20c308797ae834ac6c5595b1dd2953b243eedadbcd986a287d7", size = 945289 },
    { url = "https://files.pythonhosted.org/packages/ca/d3/9edb57f65f2950920efdf726a8c8b82f65bcde5ccf861a686060ca6512f3/grpcio_tools-1.68.1-cp313-cp313-win_amd64.whl", hash = "sha256:c4539c6231015c40db879fbc0feaaf03adb4275c1bd2b4dd26e2323f2a13655a", size = 1096008 },
]

[[package]]
name = "natsort"
version = "8.4.0"
source = { registry = "https://pypi.org/simple" }
sdist = { url = "https://files.pythonhosted.org/packages/e2/a9/a0c57aee75f77794adaf35322f8b6404cbd0f89ad45c87197a937764b7d0/natsort-8.4.0.tar.gz", hash = "sha256:45312c4a0e5507593da193dedd04abb1469253b601ecaf63445ad80f0a1ea581", size = 76575 }
wheels = [
    { url = "https://files.pythonhosted.org/packages/ef/82/7a9d0550484a62c6da82858ee9419f3dd1ccc9aa1c26a1e43da3ecd20b0d/natsort-8.4.0-py3-none-any.whl", hash = "sha256:4732914fb471f56b5cce04d7bae6f164a592c7712e1c85f9ef585e197299521c", size = 38268 },
]

[[package]]
name = "overrides"
version = "7.7.0"
source = { registry = "https://pypi.org/simple" }
sdist = { url = "https://files.pythonhosted.org/packages/36/86/b585f53236dec60aba864e050778b25045f857e17f6e5ea0ae95fe80edd2/overrides-7.7.0.tar.gz", hash = "sha256:55158fa3d93b98cc75299b1e67078ad9003ca27945c76162c1c0766d6f91820a", size = 22812 }
wheels = [
    { url = "https://files.pythonhosted.org/packages/2c/ab/fc8290c6a4c722e5514d80f62b2dc4c4df1a68a41d1364e625c35990fcf3/overrides-7.7.0-py3-none-any.whl", hash = "sha256:c7ed9d062f78b8e4c1a7b70bd8796b35ead4d9f510227ef9c5dc7626c60d7e49", size = 17832 },
]

[[package]]
name = "protobuf"
version = "5.29.2"
source = { registry = "https://pypi.org/simple" }
sdist = { url = "https://files.pythonhosted.org/packages/a5/73/4e6295c1420a9d20c9c351db3a36109b4c9aa601916cb7c6871e3196a1ca/protobuf-5.29.2.tar.gz", hash = "sha256:b2cc8e8bb7c9326996f0e160137b0861f1a82162502658df2951209d0cb0309e", size = 424901 }
wheels = [
    { url = "https://files.pythonhosted.org/packages/f3/42/6db5387124708d619ffb990a846fb123bee546f52868039f8fa964c5bc54/protobuf-5.29.2-cp310-abi3-win32.whl", hash = "sha256:c12ba8249f5624300cf51c3d0bfe5be71a60c63e4dcf51ffe9a68771d958c851", size = 422697 },
    { url = "https://files.pythonhosted.org/packages/6c/38/2fcc968b377b531882d6ab2ac99b10ca6d00108394f6ff57c2395fb7baff/protobuf-5.29.2-cp310-abi3-win_amd64.whl", hash = "sha256:842de6d9241134a973aab719ab42b008a18a90f9f07f06ba480df268f86432f9", size = 434495 },
    { url = "https://files.pythonhosted.org/packages/cb/26/41debe0f6615fcb7e97672057524687ed86fcd85e3da3f031c30af8f0c51/protobuf-5.29.2-cp38-abi3-macosx_10_9_universal2.whl", hash = "sha256:a0c53d78383c851bfa97eb42e3703aefdc96d2036a41482ffd55dc5f529466eb", size = 417812 },
    { url = "https://files.pythonhosted.org/packages/e4/20/38fc33b60dcfb380507b99494aebe8c34b68b8ac7d32808c4cebda3f6f6b/protobuf-5.29.2-cp38-abi3-manylinux2014_aarch64.whl", hash = "sha256:494229ecd8c9009dd71eda5fd57528395d1eacdf307dbece6c12ad0dd09e912e", size = 319562 },
    { url = "https://files.pythonhosted.org/packages/90/4d/c3d61e698e0e41d926dbff6aa4e57428ab1a6fc3b5e1deaa6c9ec0fd45cf/protobuf-5.29.2-cp38-abi3-manylinux2014_x86_64.whl", hash = "sha256:b6b0d416bbbb9d4fbf9d0561dbfc4e324fd522f61f7af0fe0f282ab67b22477e", size = 319662 },
    { url = "https://files.pythonhosted.org/packages/f3/fd/c7924b4c2a1c61b8f4b64edd7a31ffacf63432135a2606f03a2f0d75a750/protobuf-5.29.2-py3-none-any.whl", hash = "sha256:fde4554c0e578a5a0bcc9a276339594848d1e89f9ea47b4427c80e5d72f90181", size = 172539 },
]

[[package]]
name = "robotframework"
version = "7.1.1"
source = { registry = "https://pypi.org/simple" }
sdist = { url = "https://files.pythonhosted.org/packages/d2/85/824b95cd3fcaf0eb6c353481b415871da4186e6414ba06a99772a48b960e/robotframework-7.1.1.zip", hash = "sha256:f85919c68c4d0837006e5f09dde1ef689f082eba2e7e64d5758753f9ee8bfea9", size = 761336 }
wheels = [
    { url = "https://files.pythonhosted.org/packages/bb/3c/a1f0971f4405c5accea879e84be91fb98956d778ff1cfc232410fc8558ae/robotframework-7.1.1-py3-none-any.whl", hash = "sha256:0461360be00dfb8ce1ab3f42370fa6eea3779e41c0b8d79a1f8ddcd2ec8e3679", size = 730648 },
]

[[package]]
name = "robotframework-assertion-engine"
version = "3.0.3"
source = { registry = "https://pypi.org/simple" }
dependencies = [
    { name = "robotframework" },
    { name = "robotframework-pythonlibcore" },
]
sdist = { url = "https://files.pythonhosted.org/packages/82/6a/64caaaff181a6f56847124a98e029bd91e3479c56f2db2803e3f5e19a8d8/robotframework_assertion_engine-3.0.3.tar.gz", hash = "sha256:1c608d4c69d96520986a1ddc6def0fc7f7e849520f1e6882a633b51dbb98fd88", size = 11901 }
wheels = [
    { url = "https://files.pythonhosted.org/packages/51/5d/b160d9a55db18f9847e0cc680012dfab03e9efcebae0a09280d57ae8a6ee/robotframework_assertion_engine-3.0.3-py3-none-any.whl", hash = "sha256:3cd8962744ea4f307feadd596266c1d563e87b586ed61803c9445295ab15a0cd", size = 12944 },
]

[[package]]
name = "robotframework-browser"
version = "19.1.2"
source = { registry = "https://pypi.org/simple" }
dependencies = [
    { name = "click" },
    { name = "grpcio" },
    { name = "grpcio-tools" },
    { name = "overrides" },
    { name = "protobuf" },
    { name = "robotframework" },
    { name = "robotframework-assertion-engine" },
    { name = "robotframework-pythonlibcore" },
    { name = "seedir" },
    { name = "wrapt" },
]
sdist = { url = "https://files.pythonhosted.org/packages/c3/55/0e640ba21cfaabaf64fb00e2f2040726c8ada2ae4e1197444e5200f7df6c/robotframework_browser-19.1.2.tar.gz", hash = "sha256:b1e5a6d890c4356e2ec2e1c94c88ea7b5cc7566339b9c8336035a75c91b4164c", size = 503214 }
wheels = [
    { url = "https://files.pythonhosted.org/packages/5e/52/05d8da43864e635a56d9052e46329d55ba28676b98ba2e32fec78b51ff91/robotframework_browser-19.1.2-py3-none-any.whl", hash = "sha256:cde07e97f96396ddce226e9e741663bb07b245bd40af9c463456627591d9b478", size = 517291 },
]

[[package]]
name = "robotframework-pythonlibcore"
version = "4.4.1"
source = { registry = "https://pypi.org/simple" }
sdist = { url = "https://files.pythonhosted.org/packages/71/89/5dc8c8186c897ee4b7d0b2631ebc90e679e8c8f04ea85505f96ad38aad64/robotframework-pythonlibcore-4.4.1.tar.gz", hash = "sha256:2d695b2ea906f5815179643e29182466675e682d82c5fa9d1009edfae2f84b16", size = 12835 }
wheels = [
    { url = "https://files.pythonhosted.org/packages/ac/64/47d8403c7c0af89b46461640a2f67e49a5778062b8dd6eb3e128aa3c50cc/robotframework_pythonlibcore-4.4.1-py2.py3-none-any.whl", hash = "sha256:e0517129522aaa039eb2a28fd3d9720b7a0be0b90d0cbcb153a6c8016bb9e973", size = 12452 },
]

[[package]]
name = "seedir"
version = "0.5.0"
source = { registry = "https://pypi.org/simple" }
dependencies = [
    { name = "natsort" },
]
sdist = { url = "https://files.pythonhosted.org/packages/46/84/530a5e4abbc0bb195f388b040268e9c81a52f7127cab41a7dbb448087c54/seedir-0.5.0.tar.gz", hash = "sha256:e6f80f9535b57413100f04933fd269f856aca1d067bccadf3ea3ca98a2fc6fc5", size = 3105170 }
wheels = [
    { url = "https://files.pythonhosted.org/packages/e5/b4/0f5c167f3ab597c693f4c98d3bcaad940cc8a1529ce4029d8e988d0f52da/seedir-0.5.0-py3-none-any.whl", hash = "sha256:fd30221e9a6d92701b6f82cc09285d0c88b16b63a728652c34b3a0bd7363ae68", size = 112992 },
]

[[package]]
name = "setuptools"
version = "75.6.0"
source = { registry = "https://pypi.org/simple" }
sdist = { url = "https://files.pythonhosted.org/packages/43/54/292f26c208734e9a7f067aea4a7e282c080750c4546559b58e2e45413ca0/setuptools-75.6.0.tar.gz", hash = "sha256:8199222558df7c86216af4f84c30e9b34a61d8ba19366cc914424cdbd28252f6", size = 1337429 }
wheels = [
    { url = "https://files.pythonhosted.org/packages/55/21/47d163f615df1d30c094f6c8bbb353619274edccf0327b185cc2493c2c33/setuptools-75.6.0-py3-none-any.whl", hash = "sha256:ce74b49e8f7110f9bf04883b730f4765b774ef3ef28f722cce7c273d253aaf7d", size = 1224032 },
]

[[package]]
name = "wrapt"
version = "1.17.0"
source = { registry = "https://pypi.org/simple" }
sdist = { url = "https://files.pythonhosted.org/packages/24/a1/fc03dca9b0432725c2e8cdbf91a349d2194cf03d8523c124faebe581de09/wrapt-1.17.0.tar.gz", hash = "sha256:16187aa2317c731170a88ef35e8937ae0f533c402872c1ee5e6d079fcf320801", size = 55542 }
wheels = [
    { url = "https://files.pythonhosted.org/packages/67/9c/38294e1bb92b055222d1b8b6591604ca4468b77b1250f59c15256437644f/wrapt-1.17.0-cp313-cp313-macosx_11_0_arm64.whl", hash = "sha256:714c12485aa52efbc0fc0ade1e9ab3a70343db82627f90f2ecbc898fdf0bb181", size = 38904 },
    { url = "https://files.pythonhosted.org/packages/78/b6/76597fb362cbf8913a481d41b14b049a8813cd402a5d2f84e57957c813ae/wrapt-1.17.0-cp313-cp313-manylinux_2_17_aarch64.manylinux2014_aarch64.whl", hash = "sha256:da427d311782324a376cacb47c1a4adc43f99fd9d996ffc1b3e8529c4074d393", size = 88608 },
    { url = "https://files.pythonhosted.org/packages/bc/69/b500884e45b3881926b5f69188dc542fb5880019d15c8a0df1ab1dfda1f7/wrapt-1.17.0-cp313-cp313-manylinux_2_5_i686.manylinux1_i686.manylinux_2_17_i686.manylinux2014_i686.whl", hash = "sha256:ba1739fb38441a27a676f4de4123d3e858e494fac05868b7a281c0a383c098f4", size = 80879 },
    { url = "https://files.pythonhosted.org/packages/52/31/f4cc58afe29eab8a50ac5969963010c8b60987e719c478a5024bce39bc42/wrapt-1.17.0-cp313-cp313-manylinux_2_5_x86_64.manylinux1_x86_64.manylinux_2_17_x86_64.manylinux2014_x86_64.whl", hash = "sha256:e711fc1acc7468463bc084d1b68561e40d1eaa135d8c509a65dd534403d83d7b", size = 89119 },
    { url = "https://files.pythonhosted.org/packages/aa/9c/05ab6bf75dbae7a9d34975fb6ee577e086c1c26cde3b6cf6051726d33c7c/wrapt-1.17.0-cp313-cp313-musllinux_1_2_aarch64.whl", hash = "sha256:140ea00c87fafc42739bd74a94a5a9003f8e72c27c47cd4f61d8e05e6dec8721", size = 86778 },
    { url = "https://files.pythonhosted.org/packages/0e/6c/4b8d42e3db355603d35fe5c9db79c28f2472a6fd1ccf4dc25ae46739672a/wrapt-1.17.0-cp313-cp313-musllinux_1_2_i686.whl", hash = "sha256:73a96fd11d2b2e77d623a7f26e004cc31f131a365add1ce1ce9a19e55a1eef90", size = 79793 },
    { url = "https://files.pythonhosted.org/packages/69/23/90e3a2ee210c0843b2c2a49b3b97ffcf9cad1387cb18cbeef9218631ed5a/wrapt-1.17.0-cp313-cp313-musllinux_1_2_x86_64.whl", hash = "sha256:0b48554952f0f387984da81ccfa73b62e52817a4386d070c75e4db7d43a28c4a", size = 87606 },
    { url = "https://files.pythonhosted.org/packages/5f/06/3683126491ca787d8d71d8d340e775d40767c5efedb35039d987203393b7/wrapt-1.17.0-cp313-cp313-win32.whl", hash = "sha256:498fec8da10e3e62edd1e7368f4b24aa362ac0ad931e678332d1b209aec93045", size = 36651 },
    { url = "https://files.pythonhosted.org/packages/f1/bc/3bf6d2ca0d2c030d324ef9272bea0a8fdaff68f3d1fa7be7a61da88e51f7/wrapt-1.17.0-cp313-cp313-win_amd64.whl", hash = "sha256:fd136bb85f4568fffca995bd3c8d52080b1e5b225dbf1c2b17b66b4c5fa02838", size = 38835 },
    { url = "https://files.pythonhosted.org/packages/ce/b5/251165c232d87197a81cd362eeb5104d661a2dd3aa1f0b33e4bf61dda8b8/wrapt-1.17.0-cp313-cp313t-macosx_11_0_arm64.whl", hash = "sha256:17fcf043d0b4724858f25b8826c36e08f9fb2e475410bece0ec44a22d533da9b", size = 40146 },
    { url = "https://files.pythonhosted.org/packages/89/33/1e1bdd3e866eeb73d8c4755db1ceb8a80d5bd51ee4648b3f2247adec4e67/wrapt-1.17.0-cp313-cp313t-manylinux_2_17_aarch64.manylinux2014_aarch64.whl", hash = "sha256:e4a557d97f12813dc5e18dad9fa765ae44ddd56a672bb5de4825527c847d6379", size = 113444 },
    { url = "https://files.pythonhosted.org/packages/9f/7c/94f53b065a43f5dc1fbdd8b80fd8f41284315b543805c956619c0b8d92f0/wrapt-1.17.0-cp313-cp313t-manylinux_2_5_i686.manylinux1_i686.manylinux_2_17_i686.manylinux2014_i686.whl", hash = "sha256:0229b247b0fc7dee0d36176cbb79dbaf2a9eb7ecc50ec3121f40ef443155fb1d", size = 101246 },
    { url = "https://files.pythonhosted.org/packages/62/5d/640360baac6ea6018ed5e34e6e80e33cfbae2aefde24f117587cd5efd4b7/wrapt-1.17.0-cp313-cp313t-manylinux_2_5_x86_64.manylinux1_x86_64.manylinux_2_17_x86_64.manylinux2014_x86_64.whl", hash = "sha256:8425cfce27b8b20c9b89d77fb50e368d8306a90bf2b6eef2cdf5cd5083adf83f", size = 109320 },
    { url = "https://files.pythonhosted.org/packages/e3/cf/6c7a00ae86a2e9482c91170aefe93f4ccda06c1ac86c4de637c69133da59/wrapt-1.17.0-cp313-cp313t-musllinux_1_2_aarch64.whl", hash = "sha256:9c900108df470060174108012de06d45f514aa4ec21a191e7ab42988ff42a86c", size = 110193 },
    { url = "https://files.pythonhosted.org/packages/cd/cc/aa718df0d20287e8f953ce0e2f70c0af0fba1d3c367db7ee8bdc46ea7003/wrapt-1.17.0-cp313-cp313t-musllinux_1_2_i686.whl", hash = "sha256:4e547b447073fc0dbfcbff15154c1be8823d10dab4ad401bdb1575e3fdedff1b", size = 100460 },
    { url = "https://files.pythonhosted.org/packages/f7/16/9f3ac99fe1f6caaa789d67b4e3c562898b532c250769f5255fa8b8b93983/wrapt-1.17.0-cp313-cp313t-musllinux_1_2_x86_64.whl", hash = "sha256:914f66f3b6fc7b915d46c1cc424bc2441841083de01b90f9e81109c9759e43ab", size = 106347 },
    { url = "https://files.pythonhosted.org/packages/64/85/c77a331b2c06af49a687f8b926fc2d111047a51e6f0b0a4baa01ff3a673a/wrapt-1.17.0-cp313-cp313t-win32.whl", hash = "sha256:a4192b45dff127c7d69b3bdfb4d3e47b64179a0b9900b6351859f3001397dabf", size = 37971 },
    { url = "https://files.pythonhosted.org/packages/05/9b/b2469f8be9efed24283fd7b9eeb8e913e9bc0715cf919ea8645e428ab7af/wrapt-1.17.0-cp313-cp313t-win_amd64.whl", hash = "sha256:4f643df3d4419ea3f856c5c3f40fec1d65ea2e89ec812c83f7767c8730f9827a", size = 40755 },
    { url = "https://files.pythonhosted.org/packages/4b/d9/a8ba5e9507a9af1917285d118388c5eb7a81834873f45df213a6fe923774/wrapt-1.17.0-py3-none-any.whl", hash = "sha256:d2c63b93548eda58abf5188e505ffed0229bf675f7c3090f8e36ad55b8cbc371", size = 23592 },
]
